// !$*UTF8*$!
{
	archiveVersion = 1;
	classes = {
	};
	objectVersion = 46;
	objects = {

/* Begin PBXBuildFile section */
		83055D911EBE43C8000B7DAB /* ViewControllerWeb.swift in Sources */ = {isa = PBXBuildFile; fileRef = 83055D901EBE43C7000B7DAB /* ViewControllerWeb.swift */; };
		831C916C1EA12B4C004DED8A /* internetCheck.swift in Sources */ = {isa = PBXBuildFile; fileRef = 831C916B1EA12B4C004DED8A /* internetCheck.swift */; };
		83D7BFB71EB7D28900457937 /* ViewControllerHelp.swift in Sources */ = {isa = PBXBuildFile; fileRef = 83D7BFB61EB7D28900457937 /* ViewControllerHelp.swift */; };
		F11940831E8EA7C30063E788 /* ViewControllerLecturer.swift in Sources */ = {isa = PBXBuildFile; fileRef = F11940821E8EA7C30063E788 /* ViewControllerLecturer.swift */; };
		F11940851E8EA88D0063E788 /* ViewControllerStudent.swift in Sources */ = {isa = PBXBuildFile; fileRef = F11940841E8EA88D0063E788 /* ViewControllerStudent.swift */; };
		F19DE9EB1E7FFEC000CD3B16 /* AppDelegate.swift in Sources */ = {isa = PBXBuildFile; fileRef = F19DE9EA1E7FFEC000CD3B16 /* AppDelegate.swift */; };
		F19DE9ED1E7FFEC000CD3B16 /* ViewController.swift in Sources */ = {isa = PBXBuildFile; fileRef = F19DE9EC1E7FFEC000CD3B16 /* ViewController.swift */; };
		F19DE9F01E7FFEC000CD3B16 /* Main.storyboard in Resources */ = {isa = PBXBuildFile; fileRef = F19DE9EE1E7FFEC000CD3B16 /* Main.storyboard */; };
		F19DE9F21E7FFEC000CD3B16 /* Assets.xcassets in Resources */ = {isa = PBXBuildFile; fileRef = F19DE9F11E7FFEC000CD3B16 /* Assets.xcassets */; };
		F19DE9F51E7FFEC000CD3B16 /* LaunchScreen.storyboard in Resources */ = {isa = PBXBuildFile; fileRef = F19DE9F31E7FFEC000CD3B16 /* LaunchScreen.storyboard */; };
		F19DEA001E7FFEC000CD3B16 /* SOFT254_CourseworkTests.swift in Sources */ = {isa = PBXBuildFile; fileRef = F19DE9FF1E7FFEC000CD3B16 /* SOFT254_CourseworkTests.swift */; };
		F19DEA0B1E7FFEC000CD3B16 /* SOFT254_CourseworkUITests.swift in Sources */ = {isa = PBXBuildFile; fileRef = F19DEA0A1E7FFEC000CD3B16 /* SOFT254_CourseworkUITests.swift */; };
/* End PBXBuildFile section */

/* Begin PBXContainerItemProxy section */
		F19DE9FC1E7FFEC000CD3B16 /* PBXContainerItemProxy */ = {
			isa = PBXContainerItemProxy;
			containerPortal = F19DE9DF1E7FFEC000CD3B16 /* Project object */;
			proxyType = 1;
			remoteGlobalIDString = F19DE9E61E7FFEC000CD3B16;
			remoteInfo = "SOFT254 Coursework";
		};
		F19DEA071E7FFEC000CD3B16 /* PBXContainerItemProxy */ = {
			isa = PBXContainerItemProxy;
			containerPortal = F19DE9DF1E7FFEC000CD3B16 /* Project object */;
			proxyType = 1;
			remoteGlobalIDString = F19DE9E61E7FFEC000CD3B16;
			remoteInfo = "SOFT254 Coursework";
		};
/* End PBXContainerItemProxy section */

/* Begin PBXFileReference section */
		83055D901EBE43C7000B7DAB /* ViewControllerWeb.swift */ = {isa = PBXFileReference; fileEncoding = 4; lastKnownFileType = sourcecode.swift; path = ViewControllerWeb.swift; sourceTree = "<group>"; };
		831C916B1EA12B4C004DED8A /* internetCheck.swift */ = {isa = PBXFileReference; fileEncoding = 4; lastKnownFileType = sourcecode.swift; path = internetCheck.swift; sourceTree = "<group>"; };
		83D7BFB61EB7D28900457937 /* ViewControllerHelp.swift */ = {isa = PBXFileReference; fileEncoding = 4; lastKnownFileType = sourcecode.swift; path = ViewControllerHelp.swift; sourceTree = "<group>"; };
		F11940821E8EA7C30063E788 /* ViewControllerLecturer.swift */ = {isa = PBXFileReference; fileEncoding = 4; lastKnownFileType = sourcecode.swift; path = ViewControllerLecturer.swift; sourceTree = "<group>"; };
		F11940841E8EA88D0063E788 /* ViewControllerStudent.swift */ = {isa = PBXFileReference; fileEncoding = 4; lastKnownFileType = sourcecode.swift; path = ViewControllerStudent.swift; sourceTree = "<group>"; };
		F19DE9E71E7FFEC000CD3B16 /* SOFT254 Coursework.app */ = {isa = PBXFileReference; explicitFileType = wrapper.application; includeInIndex = 0; path = "SOFT254 Coursework.app"; sourceTree = BUILT_PRODUCTS_DIR; };
		F19DE9EA1E7FFEC000CD3B16 /* AppDelegate.swift */ = {isa = PBXFileReference; lastKnownFileType = sourcecode.swift; path = AppDelegate.swift; sourceTree = "<group>"; };
		F19DE9EC1E7FFEC000CD3B16 /* ViewController.swift */ = {isa = PBXFileReference; lastKnownFileType = sourcecode.swift; path = ViewController.swift; sourceTree = "<group>"; };
		F19DE9EF1E7FFEC000CD3B16 /* Base */ = {isa = PBXFileReference; lastKnownFileType = file.storyboard; name = Base; path = Base.lproj/Main.storyboard; sourceTree = "<group>"; };
		F19DE9F11E7FFEC000CD3B16 /* Assets.xcassets */ = {isa = PBXFileReference; lastKnownFileType = folder.assetcatalog; path = Assets.xcassets; sourceTree = "<group>"; };
		F19DE9F41E7FFEC000CD3B16 /* Base */ = {isa = PBXFileReference; lastKnownFileType = file.storyboard; name = Base; path = Base.lproj/LaunchScreen.storyboard; sourceTree = "<group>"; };
		F19DE9F61E7FFEC000CD3B16 /* Info.plist */ = {isa = PBXFileReference; lastKnownFileType = text.plist.xml; path = Info.plist; sourceTree = "<group>"; };
		F19DE9FB1E7FFEC000CD3B16 /* SOFT254 CourseworkTests.xctest */ = {isa = PBXFileReference; explicitFileType = wrapper.cfbundle; includeInIndex = 0; path = "SOFT254 CourseworkTests.xctest"; sourceTree = BUILT_PRODUCTS_DIR; };
		F19DE9FF1E7FFEC000CD3B16 /* SOFT254_CourseworkTests.swift */ = {isa = PBXFileReference; lastKnownFileType = sourcecode.swift; path = SOFT254_CourseworkTests.swift; sourceTree = "<group>"; };
		F19DEA011E7FFEC000CD3B16 /* Info.plist */ = {isa = PBXFileReference; lastKnownFileType = text.plist.xml; path = Info.plist; sourceTree = "<group>"; };
		F19DEA061E7FFEC000CD3B16 /* SOFT254 CourseworkUITests.xctest */ = {isa = PBXFileReference; explicitFileType = wrapper.cfbundle; includeInIndex = 0; path = "SOFT254 CourseworkUITests.xctest"; sourceTree = BUILT_PRODUCTS_DIR; };
		F19DEA0A1E7FFEC000CD3B16 /* SOFT254_CourseworkUITests.swift */ = {isa = PBXFileReference; lastKnownFileType = sourcecode.swift; path = SOFT254_CourseworkUITests.swift; sourceTree = "<group>"; };
		F19DEA0C1E7FFEC000CD3B16 /* Info.plist */ = {isa = PBXFileReference; lastKnownFileType = text.plist.xml; path = Info.plist; sourceTree = "<group>"; };
/* End PBXFileReference section */

/* Begin PBXFrameworksBuildPhase section */
		F19DE9E41E7FFEC000CD3B16 /* Frameworks */ = {
			isa = PBXFrameworksBuildPhase;
			buildActionMask = 2147483647;
			files = (
			);
			runOnlyForDeploymentPostprocessing = 0;
		};
		F19DE9F81E7FFEC000CD3B16 /* Frameworks */ = {
			isa = PBXFrameworksBuildPhase;
			buildActionMask = 2147483647;
			files = (
			);
			runOnlyForDeploymentPostprocessing = 0;
		};
		F19DEA031E7FFEC000CD3B16 /* Frameworks */ = {
			isa = PBXFrameworksBuildPhase;
			buildActionMask = 2147483647;
			files = (
			);
			runOnlyForDeploymentPostprocessing = 0;
		};
/* End PBXFrameworksBuildPhase section */

/* Begin PBXGroup section */
		F19DE9DE1E7FFEC000CD3B16 = {
			isa = PBXGroup;
			children = (
				F19DE9E91E7FFEC000CD3B16 /* SOFT254 Coursework */,
				F19DE9FE1E7FFEC000CD3B16 /* SOFT254 CourseworkTests */,
				F19DEA091E7FFEC000CD3B16 /* SOFT254 CourseworkUITests */,
				F19DE9E81E7FFEC000CD3B16 /* Products */,
			);
			sourceTree = "<group>";
		};
		F19DE9E81E7FFEC000CD3B16 /* Products */ = {
			isa = PBXGroup;
			children = (
				F19DE9E71E7FFEC000CD3B16 /* SOFT254 Coursework.app */,
				F19DE9FB1E7FFEC000CD3B16 /* SOFT254 CourseworkTests.xctest */,
				F19DEA061E7FFEC000CD3B16 /* SOFT254 CourseworkUITests.xctest */,
			);
			name = Products;
			sourceTree = "<group>";
		};
		F19DE9E91E7FFEC000CD3B16 /* SOFT254 Coursework */ = {
			isa = PBXGroup;
			children = (
				F19DE9EA1E7FFEC000CD3B16 /* AppDelegate.swift */,
				F19DE9EC1E7FFEC000CD3B16 /* ViewController.swift */,
				831C916B1EA12B4C004DED8A /* internetCheck.swift */,
				F19DE9EE1E7FFEC000CD3B16 /* Main.storyboard */,
				83055D901EBE43C7000B7DAB /* ViewControllerWeb.swift */,
				F11940841E8EA88D0063E788 /* ViewControllerStudent.swift */,
				F11940821E8EA7C30063E788 /* ViewControllerLecturer.swift */,
				F19DE9F11E7FFEC000CD3B16 /* Assets.xcassets */,
				F19DE9F31E7FFEC000CD3B16 /* LaunchScreen.storyboard */,
				F19DE9F61E7FFEC000CD3B16 /* Info.plist */,
				83D7BFB61EB7D28900457937 /* ViewControllerHelp.swift */,
			);
			path = "SOFT254 Coursework";
			sourceTree = "<group>";
		};
		F19DE9FE1E7FFEC000CD3B16 /* SOFT254 CourseworkTests */ = {
			isa = PBXGroup;
			children = (
				F19DE9FF1E7FFEC000CD3B16 /* SOFT254_CourseworkTests.swift */,
				F19DEA011E7FFEC000CD3B16 /* Info.plist */,
			);
			path = "SOFT254 CourseworkTests";
			sourceTree = "<group>";
		};
		F19DEA091E7FFEC000CD3B16 /* SOFT254 CourseworkUITests */ = {
			isa = PBXGroup;
			children = (
				F19DEA0A1E7FFEC000CD3B16 /* SOFT254_CourseworkUITests.swift */,
				F19DEA0C1E7FFEC000CD3B16 /* Info.plist */,
			);
			path = "SOFT254 CourseworkUITests";
			sourceTree = "<group>";
		};
/* End PBXGroup section */

/* Begin PBXNativeTarget section */
		F19DE9E61E7FFEC000CD3B16 /* SOFT254 Coursework */ = {
			isa = PBXNativeTarget;
			buildConfigurationList = F19DEA0F1E7FFEC000CD3B16 /* Build configuration list for PBXNativeTarget "SOFT254 Coursework" */;
			buildPhases = (
				F19DE9E31E7FFEC000CD3B16 /* Sources */,
				F19DE9E41E7FFEC000CD3B16 /* Frameworks */,
				F19DE9E51E7FFEC000CD3B16 /* Resources */,
			);
			buildRules = (
			);
			dependencies = (
			);
			name = "SOFT254 Coursework";
			productName = "SOFT254 Coursework";
			productReference = F19DE9E71E7FFEC000CD3B16 /* SOFT254 Coursework.app */;
			productType = "com.apple.product-type.application";
		};
		F19DE9FA1E7FFEC000CD3B16 /* SOFT254 CourseworkTests */ = {
			isa = PBXNativeTarget;
			buildConfigurationList = F19DEA121E7FFEC000CD3B16 /* Build configuration list for PBXNativeTarget "SOFT254 CourseworkTests" */;
			buildPhases = (
				F19DE9F71E7FFEC000CD3B16 /* Sources */,
				F19DE9F81E7FFEC000CD3B16 /* Frameworks */,
				F19DE9F91E7FFEC000CD3B16 /* Resources */,
			);
			buildRules = (
			);
			dependencies = (
				F19DE9FD1E7FFEC000CD3B16 /* PBXTargetDependency */,
			);
			name = "SOFT254 CourseworkTests";
			productName = "SOFT254 CourseworkTests";
			productReference = F19DE9FB1E7FFEC000CD3B16 /* SOFT254 CourseworkTests.xctest */;
			productType = "com.apple.product-type.bundle.unit-test";
		};
		F19DEA051E7FFEC000CD3B16 /* SOFT254 CourseworkUITests */ = {
			isa = PBXNativeTarget;
			buildConfigurationList = F19DEA151E7FFEC000CD3B16 /* Build configuration list for PBXNativeTarget "SOFT254 CourseworkUITests" */;
			buildPhases = (
				F19DEA021E7FFEC000CD3B16 /* Sources */,
				F19DEA031E7FFEC000CD3B16 /* Frameworks */,
				F19DEA041E7FFEC000CD3B16 /* Resources */,
			);
			buildRules = (
			);
			dependencies = (
				F19DEA081E7FFEC000CD3B16 /* PBXTargetDependency */,
			);
			name = "SOFT254 CourseworkUITests";
			productName = "SOFT254 CourseworkUITests";
			productReference = F19DEA061E7FFEC000CD3B16 /* SOFT254 CourseworkUITests.xctest */;
			productType = "com.apple.product-type.bundle.ui-testing";
		};
/* End PBXNativeTarget section */

/* Begin PBXProject section */
		F19DE9DF1E7FFEC000CD3B16 /* Project object */ = {
			isa = PBXProject;
			attributes = {
				LastSwiftUpdateCheck = 0820;
				LastUpgradeCheck = 0820;
				ORGANIZATIONNAME = "(s) Christopher Dyson";
				TargetAttributes = {
					F19DE9E61E7FFEC000CD3B16 = {
						CreatedOnToolsVersion = 8.2.1;
						DevelopmentTeam = 9665N9WX3M;
						ProvisioningStyle = Automatic;
					};
					F19DE9FA1E7FFEC000CD3B16 = {
						CreatedOnToolsVersion = 8.2.1;
						DevelopmentTeam = 9665N9WX3M;
						ProvisioningStyle = Automatic;
						TestTargetID = F19DE9E61E7FFEC000CD3B16;
					};
					F19DEA051E7FFEC000CD3B16 = {
						CreatedOnToolsVersion = 8.2.1;
						DevelopmentTeam = 9665N9WX3M;
						ProvisioningStyle = Automatic;
						TestTargetID = F19DE9E61E7FFEC000CD3B16;
					};
				};
			};
			buildConfigurationList = F19DE9E21E7FFEC000CD3B16 /* Build configuration list for PBXProject "SOFT254 Coursework" */;
			compatibilityVersion = "Xcode 3.2";
			developmentRegion = English;
			hasScannedForEncodings = 0;
			knownRegions = (
				en,
				Base,
			);
			mainGroup = F19DE9DE1E7FFEC000CD3B16;
			productRefGroup = F19DE9E81E7FFEC000CD3B16 /* Products */;
			projectDirPath = "";
			projectRoot = "";
			targets = (
				F19DE9E61E7FFEC000CD3B16 /* SOFT254 Coursework */,
				F19DE9FA1E7FFEC000CD3B16 /* SOFT254 CourseworkTests */,
				F19DEA051E7FFEC000CD3B16 /* SOFT254 CourseworkUITests */,
			);
		};
/* End PBXProject section */

/* Begin PBXResourcesBuildPhase section */
		F19DE9E51E7FFEC000CD3B16 /* Resources */ = {
			isa = PBXResourcesBuildPhase;
			buildActionMask = 2147483647;
			files = (
				F19DE9F51E7FFEC000CD3B16 /* LaunchScreen.storyboard in Resources */,
				F19DE9F21E7FFEC000CD3B16 /* Assets.xcassets in Resources */,
				F19DE9F01E7FFEC000CD3B16 /* Main.storyboard in Resources */,
			);
			runOnlyForDeploymentPostprocessing = 0;
		};
		F19DE9F91E7FFEC000CD3B16 /* Resources */ = {
			isa = PBXResourcesBuildPhase;
			buildActionMask = 2147483647;
			files = (
			);
			runOnlyForDeploymentPostprocessing = 0;
		};
		F19DEA041E7FFEC000CD3B16 /* Resources */ = {
			isa = PBXResourcesBuildPhase;
			buildActionMask = 2147483647;
			files = (
			);
			runOnlyForDeploymentPostprocessing = 0;
		};
/* End PBXResourcesBuildPhase section */

/* Begin PBXSourcesBuildPhase section */
		F19DE9E31E7FFEC000CD3B16 /* Sources */ = {
			isa = PBXSourcesBuildPhase;
			buildActionMask = 2147483647;
			files = (
				F11940851E8EA88D0063E788 /* ViewControllerStudent.swift in Sources */,
				F11940831E8EA7C30063E788 /* ViewControllerLecturer.swift in Sources */,
				83055D911EBE43C8000B7DAB /* ViewControllerWeb.swift in Sources */,
				831C916C1EA12B4C004DED8A /* internetCheck.swift in Sources */,
				83D7BFB71EB7D28900457937 /* ViewControllerHelp.swift in Sources */,
				F19DE9ED1E7FFEC000CD3B16 /* ViewController.swift in Sources */,
				F19DE9EB1E7FFEC000CD3B16 /* AppDelegate.swift in Sources */,
			);
			runOnlyForDeploymentPostprocessing = 0;
		};
		F19DE9F71E7FFEC000CD3B16 /* Sources */ = {
			isa = PBXSourcesBuildPhase;
			buildActionMask = 2147483647;
			files = (
				F19DEA001E7FFEC000CD3B16 /* SOFT254_CourseworkTests.swift in Sources */,
			);
			runOnlyForDeploymentPostprocessing = 0;
		};
		F19DEA021E7FFEC000CD3B16 /* Sources */ = {
			isa = PBXSourcesBuildPhase;
			buildActionMask = 2147483647;
			files = (
				F19DEA0B1E7FFEC000CD3B16 /* SOFT254_CourseworkUITests.swift in Sources */,
			);
			runOnlyForDeploymentPostprocessing = 0;
		};
/* End PBXSourcesBuildPhase section */

/* Begin PBXTargetDependency section */
		F19DE9FD1E7FFEC000CD3B16 /* PBXTargetDependency */ = {
			isa = PBXTargetDependency;
			target = F19DE9E61E7FFEC000CD3B16 /* SOFT254 Coursework */;
			targetProxy = F19DE9FC1E7FFEC000CD3B16 /* PBXContainerItemProxy */;
		};
		F19DEA081E7FFEC000CD3B16 /* PBXTargetDependency */ = {
			isa = PBXTargetDependency;
			target = F19DE9E61E7FFEC000CD3B16 /* SOFT254 Coursework */;
			targetProxy = F19DEA071E7FFEC000CD3B16 /* PBXContainerItemProxy */;
		};
/* End PBXTargetDependency section */

/* Begin PBXVariantGroup section */
		F19DE9EE1E7FFEC000CD3B16 /* Main.storyboard */ = {
			isa = PBXVariantGroup;
			children = (
				F19DE9EF1E7FFEC000CD3B16 /* Base */,
			);
			name = Main.storyboard;
			sourceTree = "<group>";
		};
		F19DE9F31E7FFEC000CD3B16 /* LaunchScreen.storyboard */ = {
			isa = PBXVariantGroup;
			children = (
				F19DE9F41E7FFEC000CD3B16 /* Base */,
			);
			name = LaunchScreen.storyboard;
			sourceTree = "<group>";
		};
/* End PBXVariantGroup section */

/* Begin XCBuildConfiguration section */
		F19DEA0D1E7FFEC000CD3B16 /* Debug */ = {
			isa = XCBuildConfiguration;
			buildSettings = {
				ALWAYS_SEARCH_USER_PATHS = NO;
				CLANG_ANALYZER_NONNULL = YES;
				CLANG_CXX_LANGUAGE_STANDARD = "gnu++0x";
				CLANG_CXX_LIBRARY = "libc++";
				CLANG_ENABLE_MODULES = YES;
				CLANG_ENABLE_OBJC_ARC = YES;
				CLANG_WARN_BOOL_CONVERSION = YES;
				CLANG_WARN_CONSTANT_CONVERSION = YES;
				CLANG_WARN_DIRECT_OBJC_ISA_USAGE = YES_ERROR;
				CLANG_WARN_DOCUMENTATION_COMMENTS = YES;
				CLANG_WARN_EMPTY_BODY = YES;
				CLANG_WARN_ENUM_CONVERSION = YES;
				CLANG_WARN_INFINITE_RECURSION = YES;
				CLANG_WARN_INT_CONVERSION = YES;
				CLANG_WARN_OBJC_ROOT_CLASS = YES_ERROR;
				CLANG_WARN_SUSPICIOUS_MOVE = YES;
				CLANG_WARN_UNREACHABLE_CODE = YES;
				CLANG_WARN__DUPLICATE_METHOD_MATCH = YES;
				"CODE_SIGN_IDENTITY[sdk=iphoneos*]" = "iPhone Developer";
				COPY_PHASE_STRIP = NO;
				DEBUG_INFORMATION_FORMAT = dwarf;
				ENABLE_STRICT_OBJC_MSGSEND = YES;
				ENABLE_TESTABILITY = YES;
				GCC_C_LANGUAGE_STANDARD = gnu99;
				GCC_DYNAMIC_NO_PIC = NO;
				GCC_NO_COMMON_BLOCKS = YES;
				GCC_OPTIMIZATION_LEVEL = 0;
				GCC_PREPROCESSOR_DEFINITIONS = (
					"DEBUG=1",
					"$(inherited)",
				);
				GCC_WARN_64_TO_32_BIT_CONVERSION = YES;
				GCC_WARN_ABOUT_RETURN_TYPE = YES_ERROR;
				GCC_WARN_UNDECLARED_SELECTOR = YES;
				GCC_WARN_UNINITIALIZED_AUTOS = YES_AGGRESSIVE;
				GCC_WARN_UNUSED_FUNCTION = YES;
				GCC_WARN_UNUSED_VARIABLE = YES;
				IPHONEOS_DEPLOYMENT_TARGET = 10.2;
				MTL_ENABLE_DEBUG_INFO = YES;
				ONLY_ACTIVE_ARCH = YES;
				SDKROOT = iphoneos;
				SWIFT_ACTIVE_COMPILATION_CONDITIONS = DEBUG;
				SWIFT_OPTIMIZATION_LEVEL = "-Onone";
				TARGETED_DEVICE_FAMILY = "1,2";
			};
			name = Debug;
		};
		F19DEA0E1E7FFEC000CD3B16 /* Release */ = {
			isa = XCBuildConfiguration;
			buildSettings = {
				ALWAYS_SEARCH_USER_PATHS = NO;
				CLANG_ANALYZER_NONNULL = YES;
				CLANG_CXX_LANGUAGE_STANDARD = "gnu++0x";
				CLANG_CXX_LIBRARY = "libc++";
				CLANG_ENABLE_MODULES = YES;
				CLANG_ENABLE_OBJC_ARC = YES;
				CLANG_WARN_BOOL_CONVERSION = YES;
				CLANG_WARN_CONSTANT_CONVERSION = YES;
				CLANG_WARN_DIRECT_OBJC_ISA_USAGE = YES_ERROR;
				CLANG_WARN_DOCUMENTATION_COMMENTS = YES;
				CLANG_WARN_EMPTY_BODY = YES;
				CLANG_WARN_ENUM_CONVERSION = YES;
				CLANG_WARN_INFINITE_RECURSION = YES;
				CLANG_WARN_INT_CONVERSION = YES;
				CLANG_WARN_OBJC_ROOT_CLASS = YES_ERROR;
				CLANG_WARN_SUSPICIOUS_MOVE = YES;
				CLANG_WARN_UNREACHABLE_CODE = YES;
				CLANG_WARN__DUPLICATE_METHOD_MATCH = YES;
				"CODE_SIGN_IDENTITY[sdk=iphoneos*]" = "iPhone Developer";
				COPY_PHASE_STRIP = NO;
				DEBUG_INFORMATION_FORMAT = "dwarf-with-dsym";
				ENABLE_NS_ASSERTIONS = NO;
				ENABLE_STRICT_OBJC_MSGSEND = YES;
				GCC_C_LANGUAGE_STANDARD = gnu99;
				GCC_NO_COMMON_BLOCKS = YES;
				GCC_WARN_64_TO_32_BIT_CONVERSION = YES;
				GCC_WARN_ABOUT_RETURN_TYPE = YES_ERROR;
				GCC_WARN_UNDECLARED_SELECTOR = YES;
				GCC_WARN_UNINITIALIZED_AUTOS = YES_AGGRESSIVE;
				GCC_WARN_UNUSED_FUNCTION = YES;
				GCC_WARN_UNUSED_VARIABLE = YES;
				IPHONEOS_DEPLOYMENT_TARGET = 10.2;
				MTL_ENABLE_DEBUG_INFO = NO;
				SDKROOT = iphoneos;
				SWIFT_OPTIMIZATION_LEVEL = "-Owholemodule";
				TARGETED_DEVICE_FAMILY = "1,2";
				VALIDATE_PRODUCT = YES;
			};
			name = Release;
		};
		F19DEA101E7FFEC000CD3B16 /* Debug */ = {
			isa = XCBuildConfiguration;
			buildSettings = {
				ASSETCATALOG_COMPILER_APPICON_NAME = AppIcon;
				DEVELOPMENT_TEAM = 9665N9WX3M;
				INFOPLIST_FILE = "SOFT254 Coursework/Info.plist";
				IPHONEOS_DEPLOYMENT_TARGET = 9.1;
				LD_RUNPATH_SEARCH_PATHS = "$(inherited) @executable_path/Frameworks";
				PRODUCT_BUNDLE_IDENTIFIER = "com.cdyson.SOFT254-Coursework";
				PRODUCT_NAME = "$(TARGET_NAME)";
				SWIFT_VERSION = 3.0;
			};
			name = Debug;
		};
		F19DEA111E7FFEC000CD3B16 /* Release */ = {
			isa = XCBuildConfiguration;
			buildSettings = {
				ASSETCATALOG_COMPILER_APPICON_NAME = AppIcon;
				DEVELOPMENT_TEAM = 9665N9WX3M;
				INFOPLIST_FILE = "SOFT254 Coursework/Info.plist";
				IPHONEOS_DEPLOYMENT_TARGET = 9.1;
				LD_RUNPATH_SEARCH_PATHS = "$(inherited) @executable_path/Frameworks";
				PRODUCT_BUNDLE_IDENTIFIER = "com.cdyson.SOFT254-Coursework";
				PRODUCT_NAME = "$(TARGET_NAME)";
				SWIFT_VERSION = 3.0;
			};
			name = Release;
		};
		F19DEA131E7FFEC000CD3B16 /* Debug */ = {
			isa = XCBuildConfiguration;
			buildSettings = {
				ALWAYS_EMBED_SWIFT_STANDARD_LIBRARIES = YES;
				BUNDLE_LOADER = "$(TEST_HOST)";
				DEVELOPMENT_TEAM = 9665N9WX3M;
				INFOPLIST_FILE = "SOFT254 CourseworkTests/Info.plist";
				LD_RUNPATH_SEARCH_PATHS = "$(inherited) @executable_path/Frameworks @loader_path/Frameworks";
				PRODUCT_BUNDLE_IDENTIFIER = "com.cdyson.SOFT254-CourseworkTests";
				PRODUCT_NAME = "$(TARGET_NAME)";
				SWIFT_VERSION = 3.0;
				TEST_HOST = "$(BUILT_PRODUCTS_DIR)/SOFT254 Coursework.app/SOFT254 Coursework";
			};
			name = Debug;
		};
		F19DEA141E7FFEC000CD3B16 /* Release */ = {
			isa = XCBuildConfiguration;
			buildSettings = {
				ALWAYS_EMBED_SWIFT_STANDARD_LIBRARIES = YES;
				BUNDLE_LOADER = "$(TEST_HOST)";
				DEVELOPMENT_TEAM = 9665N9WX3M;
				INFOPLIST_FILE = "SOFT254 CourseworkTests/Info.plist";
				LD_RUNPATH_SEARCH_PATHS = "$(inherited) @executable_path/Frameworks @loader_path/Frameworks";
				PRODUCT_BUNDLE_IDENTIFIER = "com.cdyson.SOFT254-CourseworkTests";
				PRODUCT_NAME = "$(TARGET_NAME)";
				SWIFT_VERSION = 3.0;
				TEST_HOST = "$(BUILT_PRODUCTS_DIR)/SOFT254 Coursework.app/SOFT254 Coursework";
			};
			name = Release;
		};
		F19DEA161E7FFEC000CD3B16 /* Debug */ = {
			isa = XCBuildConfiguration;
			buildSettings = {
				ALWAYS_EMBED_SWIFT_STANDARD_LIBRARIES = YES;
				DEVELOPMENT_TEAM = 9665N9WX3M;
				INFOPLIST_FILE = "SOFT254 CourseworkUITests/Info.plist";
				LD_RUNPATH_SEARCH_PATHS = "$(inherited) @executable_path/Frameworks @loader_path/Frameworks";
				PRODUCT_BUNDLE_IDENTIFIER = "com.cdyson.SOFT254-CourseworkUITests";
				PRODUCT_NAME = "$(TARGET_NAME)";
				SWIFT_VERSION = 3.0;
				TEST_TARGET_NAME = "SOFT254 Coursework";
			};
			name = Debug;
		};
		F19DEA171E7FFEC000CD3B16 /* Release */ = {
			isa = XCBuildConfiguration;
			buildSettings = {
				ALWAYS_EMBED_SWIFT_STANDARD_LIBRARIES = YES;
				DEVELOPMENT_TEAM = 9665N9WX3M;
				INFOPLIST_FILE = "SOFT254 CourseworkUITests/Info.plist";
				LD_RUNPATH_SEARCH_PATHS = "$(inherited) @executable_path/Frameworks @loader_path/Frameworks";
				PRODUCT_BUNDLE_IDENTIFIER = "com.cdyson.SOFT254-CourseworkUITests";
				PRODUCT_NAME = "$(TARGET_NAME)";
				SWIFT_VERSION = 3.0;
				TEST_TARGET_NAME = "SOFT254 Coursework";
			};
			name = Release;
		};
/* End XCBuildConfiguration section */

/* Begin XCConfigurationList section */
		F19DE9E21E7FFEC000CD3B16 /* Build configuration list for PBXProject "SOFT254 Coursework" */ = {
			isa = XCConfigurationList;
			buildConfigurations = (
				F19DEA0D1E7FFEC000CD3B16 /* Debug */,
				F19DEA0E1E7FFEC000CD3B16 /* Release */,
			);
			defaultConfigurationIsVisible = 0;
			defaultConfigurationName = Release;
		};
		F19DEA0F1E7FFEC000CD3B16 /* Build configuration list for PBXNativeTarget "SOFT254 Coursework" */ = {
			isa = XCConfigurationList;
			buildConfigurations = (
				F19DEA101E7FFEC000CD3B16 /* Debug */,
				F19DEA111E7FFEC000CD3B16 /* Release */,
			);
			defaultConfigurationIsVisible = 0;
			defaultConfigurationName = Release;
		};
		F19DEA121E7FFEC000CD3B16 /* Build configuration list for PBXNativeTarget "SOFT254 CourseworkTests" */ = {
			isa = XCConfigurationList;
			buildConfigurations = (
				F19DEA131E7FFEC000CD3B16 /* Debug */,
				F19DEA141E7FFEC000CD3B16 /* Release */,
			);
			defaultConfigurationIsVisible = 0;
			defaultConfigurationName = Release;
		};
		F19DEA151E7FFEC000CD3B16 /* Build configuration list for PBXNativeTarget "SOFT254 CourseworkUITests" */ = {
			isa = XCConfigurationList;
			buildConfigurations = (
				F19DEA161E7FFEC000CD3B16 /* Debug */,
				F19DEA171E7FFEC000CD3B16 /* Release */,
			);
			defaultConfigurationIsVisible = 0;
			defaultConfigurationName = Release;
		};
/* End XCConfigurationList section */
	};
	rootObject = F19DE9DF1E7FFEC000CD3B16 /* Project object */;
}
